
Microsoft Visual Studio Solution File, Format Version 11.00
# Visual Studio 2010 Express for Windows Phone
Project("{FAE04EC0-301F-11D3-BF4B-00C04F79EFBC}") = "wp7-latm-mediastreamsource", "wp7-latm-mediastreamsource\wp7-latm-mediastreamsource.csproj", "{1904F30D-288E-44E5-8C6A-2AEA57DE2C5B}"
EndProject
Global
	GlobalSection(SolutionConfigurationPlatforms) = preSolution
		Debug|Any CPU = Debug|Any CPU
		Release|Any CPU = Release|Any CPU
	EndGlobalSection
	GlobalSection(ProjectConfigurationPlatforms) = postSolution
		{1904F30D-288E-44E5-8C6A-2AEA57DE2C5B}.Debug|Any CPU.ActiveCfg = Debug|Any CPU
		{1904F30D-288E-44E5-8C6A-2AEA57DE2C5B}.Debug|Any CPU.Build.0 = Debug|Any CPU
		{1904F30D-288E-44E5-8C6A-2AEA57DE2C5B}.Release|Any CPU.ActiveCfg = Release|Any CPU
		{1904F30D-288E-44E5-8C6A-2AEA57DE2C5B}.Release|Any CPU.Build.0 = Release|Any CPU
	EndGlobalSection
	GlobalSection(SolutionProperties) = preSolution
		HideSolutionNode = FALSE
	EndGlobalSection
EndGlobal
